<?xml version="1.0" encoding="UTF-8"?>
<!DOCTYPE plist PUBLIC "-//Apple//DTD PLIST 1.0//EN" "http://www.apple.com/DTDs/PropertyList-1.0.dtd">
<plist version="1.0">
<dict>
	<key>archiveVersion</key>
	<string>1</string>
	<key>classes</key>
	<dict/>
	<key>objectVersion</key>
	<string>46</string>
	<key>objects</key>
	<dict>
		<key>19B7D3951D465BEA003FEDE5</key>
		<dict>
			<key>fileEncoding</key>
			<string>4</string>
			<key>isa</key>
			<string>PBXFileReference</string>
			<key>lastKnownFileType</key>
			<string>sourcecode.c.h</string>
			<key>path</key>
			<string>BNRSearchResultController.h</string>
			<key>sourceTree</key>
			<string>&lt;group&gt;</string>
		</dict>
		<key>19B7D3961D465BEA003FEDE5</key>
		<dict>
			<key>fileEncoding</key>
			<string>4</string>
			<key>isa</key>
			<string>PBXFileReference</string>
			<key>lastKnownFileType</key>
			<string>sourcecode.c.objc</string>
			<key>path</key>
			<string>BNRSearchResultController.m</string>
			<key>sourceTree</key>
			<string>&lt;group&gt;</string>
		</dict>
		<key>19B7D3971D465BEA003FEDE5</key>
		<dict>
			<key>fileRef</key>
			<string>19B7D3961D465BEA003FEDE5</string>
			<key>isa</key>
			<string>PBXBuildFile</string>
		</dict>
		<key>19B7D3981D467409003FEDE5</key>
		<dict>
			<key>isa</key>
			<string>PBXFileReference</string>
			<key>lastKnownFileType</key>
			<string>image.png</string>
			<key>path</key>
			<string>bg.png</string>
			<key>sourceTree</key>
			<string>&lt;group&gt;</string>
		</dict>
		<key>19B7D3991D467409003FEDE5</key>
		<dict>
			<key>fileRef</key>
			<string>19B7D3981D467409003FEDE5</string>
			<key>isa</key>
			<string>PBXBuildFile</string>
		</dict>
		<key>19B7D39A1D46CF78003FEDE5</key>
		<dict>
			<key>children</key>
			<array>
				<string>19B7D39B1D46CF87003FEDE5</string>
				<string>19B7D39C1D46CF87003FEDE5</string>
				<string>19B7D39D1D46CF87003FEDE5</string>
				<string>19B7D39E1D46CF87003FEDE5</string>
				<string>19B7D39F1D46CF87003FEDE5</string>
				<string>19B7D3A01D46CF87003FEDE5</string>
				<string>19B7D3A11D46CF87003FEDE5</string>
				<string>19B7D3A21D46CF87003FEDE5</string>
				<string>19B7D3A31D46CF87003FEDE5</string>
			</array>
			<key>isa</key>
			<string>PBXGroup</string>
			<key>name</key>
			<string>Image</string>
			<key>sourceTree</key>
			<string>&lt;group&gt;</string>
		</dict>
		<key>19B7D39B1D46CF87003FEDE5</key>
		<dict>
			<key>isa</key>
			<string>PBXFileReference</string>
			<key>lastKnownFileType</key>
			<string>image.png</string>
			<key>path</key>
			<string>biaoqing01.png</string>
			<key>sourceTree</key>
			<string>&lt;group&gt;</string>
		</dict>
		<key>19B7D39C1D46CF87003FEDE5</key>
		<dict>
			<key>isa</key>
			<string>PBXFileReference</string>
			<key>lastKnownFileType</key>
			<string>image.png</string>
			<key>path</key>
			<string>biaoqing02.png</string>
			<key>sourceTree</key>
			<string>&lt;group&gt;</string>
		</dict>
		<key>19B7D39D1D46CF87003FEDE5</key>
		<dict>
			<key>isa</key>
			<string>PBXFileReference</string>
			<key>lastKnownFileType</key>
			<string>image.png</string>
			<key>path</key>
			<string>icon_01.png</string>
			<key>sourceTree</key>
			<string>&lt;group&gt;</string>
		</dict>
		<key>19B7D39E1D46CF87003FEDE5</key>
		<dict>
			<key>isa</key>
			<string>PBXFileReference</string>
			<key>lastKnownFileType</key>
			<string>image.png</string>
			<key>path</key>
			<string>icon_02.png</string>
			<key>sourceTree</key>
			<string>&lt;group&gt;</string>
		</dict>
		<key>19B7D39F1D46CF87003FEDE5</key>
		<dict>
			<key>isa</key>
			<string>PBXFileReference</string>
			<key>lastKnownFileType</key>
			<string>image.png</string>
			<key>path</key>
			<string>icon_03.png</string>
			<key>sourceTree</key>
			<string>&lt;group&gt;</string>
		</dict>
		<key>19B7D3A01D46CF87003FEDE5</key>
		<dict>
			<key>isa</key>
			<string>PBXFileReference</string>
			<key>lastKnownFileType</key>
			<string>image.png</string>
			<key>path</key>
			<string>icon_04.png</string>
			<key>sourceTree</key>
			<string>&lt;group&gt;</string>
		</dict>
		<key>19B7D3A11D46CF87003FEDE5</key>
		<dict>
			<key>isa</key>
			<string>PBXFileReference</string>
			<key>lastKnownFileType</key>
			<string>image.png</string>
			<key>path</key>
			<string>logo_01.png</string>
			<key>sourceTree</key>
			<string>&lt;group&gt;</string>
		</dict>
		<key>19B7D3A21D46CF87003FEDE5</key>
		<dict>
			<key>isa</key>
			<string>PBXFileReference</string>
			<key>lastKnownFileType</key>
			<string>image.png</string>
			<key>path</key>
			<string>logo_02.png</string>
			<key>sourceTree</key>
			<string>&lt;group&gt;</string>
		</dict>
		<key>19B7D3A31D46CF87003FEDE5</key>
		<dict>
			<key>isa</key>
			<string>PBXFileReference</string>
			<key>lastKnownFileType</key>
			<string>image.png</string>
			<key>path</key>
			<string>saomiao.png</string>
			<key>sourceTree</key>
			<string>&lt;group&gt;</string>
		</dict>
		<key>19B7D3A41D46CF87003FEDE5</key>
		<dict>
			<key>fileRef</key>
			<string>19B7D39B1D46CF87003FEDE5</string>
			<key>isa</key>
			<string>PBXBuildFile</string>
		</dict>
		<key>19B7D3A51D46CF87003FEDE5</key>
		<dict>
			<key>fileRef</key>
			<string>19B7D39C1D46CF87003FEDE5</string>
			<key>isa</key>
			<string>PBXBuildFile</string>
		</dict>
		<key>19B7D3A61D46CF87003FEDE5</key>
		<dict>
			<key>fileRef</key>
			<string>19B7D39D1D46CF87003FEDE5</string>
			<key>isa</key>
			<string>PBXBuildFile</string>
		</dict>
		<key>19B7D3A71D46CF87003FEDE5</key>
		<dict>
			<key>fileRef</key>
			<string>19B7D39E1D46CF87003FEDE5</string>
			<key>isa</key>
			<string>PBXBuildFile</string>
		</dict>
		<key>19B7D3A81D46CF87003FEDE5</key>
		<dict>
			<key>fileRef</key>
			<string>19B7D39F1D46CF87003FEDE5</string>
			<key>isa</key>
			<string>PBXBuildFile</string>
		</dict>
		<key>19B7D3A91D46CF87003FEDE5</key>
		<dict>
			<key>fileRef</key>
			<string>19B7D3A01D46CF87003FEDE5</string>
			<key>isa</key>
			<string>PBXBuildFile</string>
		</dict>
		<key>19B7D3AA1D46CF87003FEDE5</key>
		<dict>
			<key>fileRef</key>
			<string>19B7D3A11D46CF87003FEDE5</string>
			<key>isa</key>
			<string>PBXBuildFile</string>
		</dict>
		<key>19B7D3AB1D46CF87003FEDE5</key>
		<dict>
			<key>fileRef</key>
			<string>19B7D3A21D46CF87003FEDE5</string>
			<key>isa</key>
			<string>PBXBuildFile</string>
		</dict>
		<key>19B7D3AC1D46CF87003FEDE5</key>
		<dict>
			<key>fileRef</key>
			<string>19B7D3A31D46CF87003FEDE5</string>
			<key>isa</key>
			<string>PBXBuildFile</string>
		</dict>
		<key>19B7D3AD1D46DCF4003FEDE5</key>
		<dict>
			<key>fileEncoding</key>
			<string>4</string>
			<key>isa</key>
			<string>PBXFileReference</string>
			<key>lastKnownFileType</key>
			<string>sourcecode.c.h</string>
			<key>path</key>
			<string>updataViewController.h</string>
			<key>sourceTree</key>
			<string>&lt;group&gt;</string>
		</dict>
		<key>19B7D3AE1D46DCF4003FEDE5</key>
		<dict>
			<key>fileEncoding</key>
			<string>4</string>
			<key>isa</key>
			<string>PBXFileReference</string>
			<key>lastKnownFileType</key>
			<string>sourcecode.c.objc</string>
			<key>path</key>
			<string>updataViewController.m</string>
			<key>sourceTree</key>
			<string>&lt;group&gt;</string>
		</dict>
		<key>19B7D3AF1D46DCF4003FEDE5</key>
		<dict>
			<key>fileRef</key>
			<string>19B7D3AE1D46DCF4003FEDE5</string>
			<key>isa</key>
			<string>PBXBuildFile</string>
		</dict>
		<key>19B7D3B01D479071003FEDE5</key>
		<dict>
			<key>children</key>
			<array>
				<string>19B7D3B71D47908C003FEDE5</string>
				<string>19B7D3B81D47908C003FEDE5</string>
				<string>19B7D3B11D479080003FEDE5</string>
				<string>19B7D3B21D479080003FEDE5</string>
				<string>19B7D3B31D479080003FEDE5</string>
				<string>19B7D3B41D479080003FEDE5</string>
			</array>
			<key>isa</key>
			<string>PBXGroup</string>
			<key>name</key>
			<string>location</string>
			<key>sourceTree</key>
			<string>&lt;group&gt;</string>
		</dict>
		<key>19B7D3B11D479080003FEDE5</key>
		<dict>
			<key>fileEncoding</key>
			<string>4</string>
			<key>isa</key>
			<string>PBXFileReference</string>
			<key>lastKnownFileType</key>
			<string>sourcecode.c.h</string>
			<key>path</key>
			<string>LocationItem.h</string>
			<key>sourceTree</key>
			<string>&lt;group&gt;</string>
		</dict>
		<key>19B7D3B21D479080003FEDE5</key>
		<dict>
			<key>fileEncoding</key>
			<string>4</string>
			<key>isa</key>
			<string>PBXFileReference</string>
			<key>lastKnownFileType</key>
			<string>sourcecode.c.objc</string>
			<key>path</key>
			<string>LocationItem.m</string>
			<key>sourceTree</key>
			<string>&lt;group&gt;</string>
		</dict>
		<key>19B7D3B31D479080003FEDE5</key>
		<dict>
			<key>fileEncoding</key>
			<string>4</string>
			<key>isa</key>
			<string>PBXFileReference</string>
			<key>lastKnownFileType</key>
			<string>sourcecode.c.h</string>
			<key>path</key>
			<string>CLLocation+Sino.h</string>
			<key>sourceTree</key>
			<string>&lt;group&gt;</string>
		</dict>
		<key>19B7D3B41D479080003FEDE5</key>
		<dict>
			<key>fileEncoding</key>
			<string>4</string>
			<key>isa</key>
			<string>PBXFileReference</string>
			<key>lastKnownFileType</key>
			<string>sourcecode.c.objc</string>
			<key>path</key>
			<string>CLLocation+Sino.m</string>
			<key>sourceTree</key>
			<string>&lt;group&gt;</string>
		</dict>
		<key>19B7D3B51D479080003FEDE5</key>
		<dict>
			<key>fileRef</key>
			<string>19B7D3B21D479080003FEDE5</string>
			<key>isa</key>
			<string>PBXBuildFile</string>
		</dict>
		<key>19B7D3B61D479080003FEDE5</key>
		<dict>
			<key>fileRef</key>
			<string>19B7D3B41D479080003FEDE5</string>
			<key>isa</key>
			<string>PBXBuildFile</string>
		</dict>
		<key>19B7D3B71D47908C003FEDE5</key>
		<dict>
			<key>fileEncoding</key>
			<string>4</string>
			<key>isa</key>
			<string>PBXFileReference</string>
			<key>lastKnownFileType</key>
			<string>sourcecode.c.h</string>
			<key>path</key>
			<string>LocationManager.h</string>
			<key>sourceTree</key>
			<string>&lt;group&gt;</string>
		</dict>
		<key>19B7D3B81D47908C003FEDE5</key>
		<dict>
			<key>fileEncoding</key>
			<string>4</string>
			<key>isa</key>
			<string>PBXFileReference</string>
			<key>lastKnownFileType</key>
			<string>sourcecode.c.objc</string>
			<key>path</key>
			<string>LocationManager.m</string>
			<key>sourceTree</key>
			<string>&lt;group&gt;</string>
		</dict>
		<key>19B7D3B91D47908C003FEDE5</key>
		<dict>
			<key>fileRef</key>
			<string>19B7D3B81D47908C003FEDE5</string>
			<key>isa</key>
			<string>PBXBuildFile</string>
		</dict>
		<key>1B827CAB1D47910A00FAB970</key>
		<dict>
			<key>fileEncoding</key>
			<string>4</string>
			<key>isa</key>
			<string>PBXFileReference</string>
			<key>lastKnownFileType</key>
			<string>sourcecode.c.h</string>
			<key>path</key>
			<string>NSDate+SSToolkitAdditions.h</string>
			<key>sourceTree</key>
			<string>&lt;group&gt;</string>
		</dict>
		<key>1B827CAC1D47910A00FAB970</key>
		<dict>
			<key>fileEncoding</key>
			<string>4</string>
			<key>isa</key>
			<string>PBXFileReference</string>
			<key>lastKnownFileType</key>
			<string>sourcecode.c.objc</string>
			<key>path</key>
			<string>NSDate+SSToolkitAdditions.m</string>
			<key>sourceTree</key>
			<string>&lt;group&gt;</string>
		</dict>
		<key>1B827CAD1D47910A00FAB970</key>
		<dict>
			<key>fileRef</key>
			<string>1B827CAC1D47910A00FAB970</string>
			<key>isa</key>
			<string>PBXBuildFile</string>
		</dict>
		<key>1B827CAE1D47951600FAB970</key>
		<dict>
			<key>fileEncoding</key>
			<string>4</string>
			<key>isa</key>
			<string>PBXFileReference</string>
			<key>lastKnownFileType</key>
			<string>sourcecode.c.h</string>
			<key>path</key>
			<string>NSBundle+SSToolkitAdditions.h</string>
			<key>sourceTree</key>
			<string>&lt;group&gt;</string>
		</dict>
		<key>1B827CAF1D47951600FAB970</key>
		<dict>
			<key>fileEncoding</key>
			<string>4</string>
			<key>isa</key>
			<string>PBXFileReference</string>
			<key>lastKnownFileType</key>
			<string>sourcecode.c.objc</string>
			<key>path</key>
			<string>NSBundle+SSToolkitAdditions.m</string>
			<key>sourceTree</key>
			<string>&lt;group&gt;</string>
		</dict>
		<key>1B827CB01D47951600FAB970</key>
		<dict>
			<key>fileEncoding</key>
			<string>4</string>
			<key>isa</key>
			<string>PBXFileReference</string>
			<key>lastKnownFileType</key>
			<string>sourcecode.c.h</string>
			<key>path</key>
			<string>NSData+SAMAdditions.h</string>
			<key>sourceTree</key>
			<string>&lt;group&gt;</string>
		</dict>
		<key>1B827CB11D47951600FAB970</key>
		<dict>
			<key>fileEncoding</key>
			<string>4</string>
			<key>isa</key>
			<string>PBXFileReference</string>
			<key>lastKnownFileType</key>
			<string>sourcecode.c.objc</string>
			<key>path</key>
			<string>NSData+SAMAdditions.m</string>
			<key>sourceTree</key>
			<string>&lt;group&gt;</string>
		</dict>
		<key>1B827CB21D47951600FAB970</key>
		<dict>
			<key>fileRef</key>
			<string>1B827CAF1D47951600FAB970</string>
			<key>isa</key>
			<string>PBXBuildFile</string>
		</dict>
		<key>1B827CB31D47951600FAB970</key>
		<dict>
			<key>fileRef</key>
			<string>1B827CB11D47951600FAB970</string>
			<key>isa</key>
			<string>PBXBuildFile</string>
		</dict>
		<key>1B827CB41D47955100FAB970</key>
		<dict>
			<key>fileEncoding</key>
			<string>4</string>
			<key>isa</key>
			<string>PBXFileReference</string>
			<key>lastKnownFileType</key>
			<string>sourcecode.c.h</string>
			<key>path</key>
			<string>NSDate+Helpers.h</string>
			<key>sourceTree</key>
			<string>&lt;group&gt;</string>
		</dict>
		<key>1B827CB51D47955100FAB970</key>
		<dict>
			<key>fileEncoding</key>
			<string>4</string>
			<key>isa</key>
			<string>PBXFileReference</string>
			<key>lastKnownFileType</key>
			<string>sourcecode.c.objc</string>
			<key>path</key>
			<string>NSDate+Helpers.m</string>
			<key>sourceTree</key>
			<string>&lt;group&gt;</string>
		</dict>
		<key>1B827CB61D47955100FAB970</key>
		<dict>
			<key>fileRef</key>
			<string>1B827CB51D47955100FAB970</string>
			<key>isa</key>
			<string>PBXBuildFile</string>
		</dict>
		<key>1BF0DB601D45122C00453672</key>
		<dict>
			<key>children</key>
			<array>
				<string>1BF0DB6B1D45122C00453672</string>
				<string>1BF0DB6A1D45122C00453672</string>
				<string>4257780FDD4616CF15361F31</string>
				<string>31BD3F4161FCDC605D84631D</string>
			</array>
			<key>isa</key>
			<string>PBXGroup</string>
			<key>sourceTree</key>
			<string>&lt;group&gt;</string>
		</dict>
		<key>1BF0DB611D45122C00453672</key>
		<dict>
			<key>attributes</key>
			<dict>
				<key>LastUpgradeCheck</key>
				<string>0730</string>
				<key>ORGANIZATIONNAME</key>
				<string>JustinYang</string>
				<key>TargetAttributes</key>
				<dict>
					<key>1BF0DB681D45122C00453672</key>
					<dict>
						<key>CreatedOnToolsVersion</key>
						<string>7.3.1</string>
					</dict>
				</dict>
			</dict>
			<key>buildConfigurationList</key>
			<string>1BF0DB641D45122C00453672</string>
			<key>compatibilityVersion</key>
			<string>Xcode 3.2</string>
			<key>developmentRegion</key>
			<string>English</string>
			<key>hasScannedForEncodings</key>
			<string>0</string>
			<key>isa</key>
			<string>PBXProject</string>
			<key>knownRegions</key>
			<array>
				<string>en</string>
				<string>Base</string>
			</array>
			<key>mainGroup</key>
			<string>1BF0DB601D45122C00453672</string>
			<key>productRefGroup</key>
			<string>1BF0DB6A1D45122C00453672</string>
			<key>projectDirPath</key>
			<string></string>
			<key>projectReferences</key>
			<array/>
			<key>projectRoot</key>
			<string></string>
			<key>targets</key>
			<array>
				<string>1BF0DB681D45122C00453672</string>
			</array>
		</dict>
		<key>1BF0DB641D45122C00453672</key>
		<dict>
			<key>buildConfigurations</key>
			<array>
				<string>1BF0DB811D45122C00453672</string>
				<string>1BF0DB821D45122C00453672</string>
			</array>
			<key>defaultConfigurationIsVisible</key>
			<string>0</string>
			<key>defaultConfigurationName</key>
			<string>Release</string>
			<key>isa</key>
			<string>XCConfigurationList</string>
		</dict>
		<key>1BF0DB651D45122C00453672</key>
		<dict>
			<key>buildActionMask</key>
			<string>2147483647</string>
			<key>files</key>
			<array>
				<string>1BF0DBC11D456BFE00453672</string>
				<string>1BF0DBD21D45E83000453672</string>
				<string>1BF0DBC41D45770500453672</string>
				<string>19B7D3971D465BEA003FEDE5</string>
				<string>1B827CB61D47955100FAB970</string>
				<string>1BF0DB7A1D45122C00453672</string>
				<string>1B827CB21D47951600FAB970</string>
				<string>1BF0DBB01D4548AA00453672</string>
				<string>1BF0DBBC1D4563E200453672</string>
				<string>1BF0DBCC1D45A6B800453672</string>
				<string>1BF0DB9E1D451DA500453672</string>
				<string>1BF0DBAB1D452C0600453672</string>
				<string>1BF0DBD51D46158A00453672</string>
				<string>1BF0DBA41D451DA500453672</string>
				<string>1B827CAD1D47910A00FAB970</string>
				<string>1BF0DB711D45122C00453672</string>
				<string>1BF0DBA71D45259F00453672</string>
				<string>1BF0DBA01D451DA500453672</string>
				<string>1BF0DBA31D451DA500453672</string>
				<string>19B7D3B51D479080003FEDE5</string>
				<string>1BF0DBA21D451DA500453672</string>
				<string>1B827CB31D47951600FAB970</string>
				<string>1BF0DBCF1D45DFB300453672</string>
				<string>1BF0DBB91D455FFB00453672</string>
				<string>1BF0DB881D45161800453672</string>
				<string>1BF0DB6E1D45122C00453672</string>
				<string>19B7D3AF1D46DCF4003FEDE5</string>
				<string>1BF0DB9D1D451DA500453672</string>
				<string>19B7D3B61D479080003FEDE5</string>
				<string>1BF0DBD81D46326900453672</string>
				<string>1BF0DBC81D457EAE00453672</string>
				<string>19B7D3B91D47908C003FEDE5</string>
				<string>1BF0DBB61D455EE300453672</string>
			</array>
			<key>isa</key>
			<string>PBXSourcesBuildPhase</string>
			<key>runOnlyForDeploymentPostprocessing</key>
			<string>0</string>
		</dict>
		<key>1BF0DB661D45122C00453672</key>
		<dict>
			<key>buildActionMask</key>
			<string>2147483647</string>
			<key>files</key>
			<array>
				<string>59C719297DA601EF3DD2FBA7</string>
			</array>
			<key>isa</key>
			<string>PBXFrameworksBuildPhase</string>
			<key>runOnlyForDeploymentPostprocessing</key>
			<string>0</string>
		</dict>
		<key>1BF0DB671D45122C00453672</key>
		<dict>
			<key>buildActionMask</key>
			<string>2147483647</string>
			<key>files</key>
			<array>
				<string>1BF0DB7F1D45122C00453672</string>
				<string>19B7D3A81D46CF87003FEDE5</string>
				<string>1BF0DB7C1D45122C00453672</string>
				<string>1BF0DBBE1D456B6000453672</string>
				<string>19B7D3A51D46CF87003FEDE5</string>
				<string>19B7D3AA1D46CF87003FEDE5</string>
				<string>1BF0DBC91D457EAE00453672</string>
				<string>19B7D3AC1D46CF87003FEDE5</string>
				<string>19B7D3A71D46CF87003FEDE5</string>
				<string>19B7D3A91D46CF87003FEDE5</string>
				<string>19B7D3AB1D46CF87003FEDE5</string>
				<string>19B7D3A41D46CF87003FEDE5</string>
				<string>19B7D3991D467409003FEDE5</string>
				<string>1BF0DBAC1D452C0600453672</string>
				<string>1BF0DB771D45122C00453672</string>
				<string>19B7D3A61D46CF87003FEDE5</string>
			</array>
			<key>isa</key>
			<string>PBXResourcesBuildPhase</string>
			<key>runOnlyForDeploymentPostprocessing</key>
			<string>0</string>
		</dict>
		<key>1BF0DB681D45122C00453672</key>
		<dict>
			<key>buildConfigurationList</key>
			<string>1BF0DB831D45122C00453672</string>
			<key>buildPhases</key>
			<array>
				<string>C4D70A5586FCC30E5E14FB42</string>
				<string>1BF0DB651D45122C00453672</string>
				<string>1BF0DB661D45122C00453672</string>
				<string>1BF0DB671D45122C00453672</string>
				<string>A7CBB3A3434F8AD7FEAE07A6</string>
				<string>3D37F95FF63F1599FB0D1E0C</string>
				<string>FA5B34FB1A1B033C3DD29029</string>
			</array>
			<key>buildRules</key>
			<array/>
			<key>dependencies</key>
			<array/>
			<key>isa</key>
			<string>PBXNativeTarget</string>
			<key>name</key>
			<string>QueryInfo</string>
			<key>productName</key>
			<string>QueryInfo</string>
			<key>productReference</key>
			<string>1BF0DB691D45122C00453672</string>
			<key>productType</key>
			<string>com.apple.product-type.application</string>
		</dict>
		<key>1BF0DB691D45122C00453672</key>
		<dict>
			<key>explicitFileType</key>
			<string>wrapper.application</string>
			<key>includeInIndex</key>
			<string>0</string>
			<key>isa</key>
			<string>PBXFileReference</string>
			<key>path</key>
			<string>QueryInfo.app</string>
			<key>sourceTree</key>
			<string>BUILT_PRODUCTS_DIR</string>
		</dict>
		<key>1BF0DB6A1D45122C00453672</key>
		<dict>
			<key>children</key>
			<array>
				<string>1BF0DB691D45122C00453672</string>
			</array>
			<key>isa</key>
			<string>PBXGroup</string>
			<key>name</key>
			<string>Products</string>
			<key>sourceTree</key>
			<string>&lt;group&gt;</string>
		</dict>
		<key>1BF0DB6B1D45122C00453672</key>
		<dict>
			<key>children</key>
			<array>
				<string>19B7D3B01D479071003FEDE5</string>
				<string>19B7D39A1D46CF78003FEDE5</string>
				<string>1BF0DB8B1D451DA500453672</string>
				<string>1BF0DB891D45161E00453672</string>
				<string>1BF0DB6F1D45122C00453672</string>
				<string>1BF0DB701D45122C00453672</string>
				<string>1BF0DB751D45122C00453672</string>
				<string>1BF0DB7B1D45122C00453672</string>
				<string>19B7D3981D467409003FEDE5</string>
				<string>1BF0DB7D1D45122C00453672</string>
				<string>1BF0DB801D45122C00453672</string>
				<string>1BF0DB781D45122C00453672</string>
				<string>1BF0DB6C1D45122C00453672</string>
				<string>1BF0DBAD1D45330200453672</string>
			</array>
			<key>isa</key>
			<string>PBXGroup</string>
			<key>path</key>
			<string>QueryInfo</string>
			<key>sourceTree</key>
			<string>&lt;group&gt;</string>
		</dict>
		<key>1BF0DB6C1D45122C00453672</key>
		<dict>
			<key>children</key>
			<array>
				<string>1BF0DBBD1D456B6000453672</string>
				<string>1BF0DB6D1D45122C00453672</string>
			</array>
			<key>isa</key>
			<string>PBXGroup</string>
			<key>name</key>
			<string>Supporting Files</string>
			<key>sourceTree</key>
			<string>&lt;group&gt;</string>
		</dict>
		<key>1BF0DB6D1D45122C00453672</key>
		<dict>
			<key>isa</key>
			<string>PBXFileReference</string>
			<key>lastKnownFileType</key>
			<string>sourcecode.c.objc</string>
			<key>path</key>
			<string>main.m</string>
			<key>sourceTree</key>
			<string>&lt;group&gt;</string>
		</dict>
		<key>1BF0DB6E1D45122C00453672</key>
		<dict>
			<key>fileRef</key>
			<string>1BF0DB6D1D45122C00453672</string>
			<key>isa</key>
			<string>PBXBuildFile</string>
		</dict>
		<key>1BF0DB6F1D45122C00453672</key>
		<dict>
			<key>isa</key>
			<string>PBXFileReference</string>
			<key>lastKnownFileType</key>
			<string>sourcecode.c.h</string>
			<key>path</key>
			<string>AppDelegate.h</string>
			<key>sourceTree</key>
			<string>&lt;group&gt;</string>
		</dict>
		<key>1BF0DB701D45122C00453672</key>
		<dict>
			<key>isa</key>
			<string>PBXFileReference</string>
			<key>lastKnownFileType</key>
			<string>sourcecode.c.objc</string>
			<key>path</key>
			<string>AppDelegate.m</string>
			<key>sourceTree</key>
			<string>&lt;group&gt;</string>
		</dict>
		<key>1BF0DB711D45122C00453672</key>
		<dict>
			<key>fileRef</key>
			<string>1BF0DB701D45122C00453672</string>
			<key>isa</key>
			<string>PBXBuildFile</string>
		</dict>
		<key>1BF0DB751D45122C00453672</key>
		<dict>
			<key>children</key>
			<array>
				<string>1BF0DB761D45122C00453672</string>
			</array>
			<key>isa</key>
			<string>PBXVariantGroup</string>
			<key>name</key>
			<string>Main.storyboard</string>
			<key>sourceTree</key>
			<string>&lt;group&gt;</string>
		</dict>
		<key>1BF0DB761D45122C00453672</key>
		<dict>
			<key>isa</key>
			<string>PBXFileReference</string>
			<key>lastKnownFileType</key>
			<string>file.storyboard</string>
			<key>name</key>
			<string>Base</string>
			<key>path</key>
			<string>Base.lproj/Main.storyboard</string>
			<key>sourceTree</key>
			<string>&lt;group&gt;</string>
		</dict>
		<key>1BF0DB771D45122C00453672</key>
		<dict>
			<key>fileRef</key>
			<string>1BF0DB751D45122C00453672</string>
			<key>isa</key>
			<string>PBXBuildFile</string>
		</dict>
		<key>1BF0DB781D45122C00453672</key>
		<dict>
			<key>children</key>
			<array>
				<string>1BF0DB791D45122C00453672</string>
			</array>
			<key>currentVersion</key>
			<string>1BF0DB791D45122C00453672</string>
			<key>isa</key>
			<string>XCVersionGroup</string>
			<key>path</key>
			<string>QueryInfo.xcdatamodeld</string>
			<key>sourceTree</key>
			<string>&lt;group&gt;</string>
			<key>versionGroupType</key>
			<string>wrapper.xcdatamodel</string>
		</dict>
		<key>1BF0DB791D45122C00453672</key>
		<dict>
			<key>isa</key>
			<string>PBXFileReference</string>
			<key>lastKnownFileType</key>
			<string>wrapper.xcdatamodel</string>
			<key>path</key>
			<string>QueryInfo.xcdatamodel</string>
			<key>sourceTree</key>
			<string>&lt;group&gt;</string>
		</dict>
		<key>1BF0DB7A1D45122C00453672</key>
		<dict>
			<key>fileRef</key>
			<string>1BF0DB781D45122C00453672</string>
			<key>isa</key>
			<string>PBXBuildFile</string>
		</dict>
		<key>1BF0DB7B1D45122C00453672</key>
		<dict>
			<key>isa</key>
			<string>PBXFileReference</string>
			<key>lastKnownFileType</key>
			<string>folder.assetcatalog</string>
			<key>path</key>
			<string>Assets.xcassets</string>
			<key>sourceTree</key>
			<string>&lt;group&gt;</string>
		</dict>
		<key>1BF0DB7C1D45122C00453672</key>
		<dict>
			<key>fileRef</key>
			<string>1BF0DB7B1D45122C00453672</string>
			<key>isa</key>
			<string>PBXBuildFile</string>
		</dict>
		<key>1BF0DB7D1D45122C00453672</key>
		<dict>
			<key>children</key>
			<array>
				<string>1BF0DB7E1D45122C00453672</string>
			</array>
			<key>isa</key>
			<string>PBXVariantGroup</string>
			<key>name</key>
			<string>LaunchScreen.storyboard</string>
			<key>sourceTree</key>
			<string>&lt;group&gt;</string>
		</dict>
		<key>1BF0DB7E1D45122C00453672</key>
		<dict>
			<key>isa</key>
			<string>PBXFileReference</string>
			<key>lastKnownFileType</key>
			<string>file.storyboard</string>
			<key>name</key>
			<string>Base</string>
			<key>path</key>
			<string>Base.lproj/LaunchScreen.storyboard</string>
			<key>sourceTree</key>
			<string>&lt;group&gt;</string>
		</dict>
		<key>1BF0DB7F1D45122C00453672</key>
		<dict>
			<key>fileRef</key>
			<string>1BF0DB7D1D45122C00453672</string>
			<key>isa</key>
			<string>PBXBuildFile</string>
		</dict>
		<key>1BF0DB801D45122C00453672</key>
		<dict>
			<key>isa</key>
			<string>PBXFileReference</string>
			<key>lastKnownFileType</key>
			<string>text.plist.xml</string>
			<key>path</key>
			<string>Info.plist</string>
			<key>sourceTree</key>
			<string>&lt;group&gt;</string>
		</dict>
		<key>1BF0DB811D45122C00453672</key>
		<dict>
			<key>buildSettings</key>
			<dict>
				<key>ALWAYS_SEARCH_USER_PATHS</key>
				<string>NO</string>
				<key>CLANG_ANALYZER_NONNULL</key>
				<string>YES</string>
				<key>CLANG_CXX_LANGUAGE_STANDARD</key>
				<string>gnu++0x</string>
				<key>CLANG_CXX_LIBRARY</key>
				<string>libc++</string>
				<key>CLANG_ENABLE_MODULES</key>
				<string>YES</string>
				<key>CLANG_ENABLE_OBJC_ARC</key>
				<string>YES</string>
				<key>CLANG_WARN_BOOL_CONVERSION</key>
				<string>YES</string>
				<key>CLANG_WARN_CONSTANT_CONVERSION</key>
				<string>YES</string>
				<key>CLANG_WARN_DIRECT_OBJC_ISA_USAGE</key>
				<string>YES_ERROR</string>
				<key>CLANG_WARN_EMPTY_BODY</key>
				<string>YES</string>
				<key>CLANG_WARN_ENUM_CONVERSION</key>
				<string>YES</string>
				<key>CLANG_WARN_INT_CONVERSION</key>
				<string>YES</string>
				<key>CLANG_WARN_OBJC_ROOT_CLASS</key>
				<string>YES_ERROR</string>
				<key>CLANG_WARN_UNREACHABLE_CODE</key>
				<string>YES</string>
				<key>CLANG_WARN__DUPLICATE_METHOD_MATCH</key>
				<string>YES</string>
				<key>CODE_SIGN_IDENTITY[sdk=iphoneos*]</key>
				<string>iPhone Developer</string>
				<key>COPY_PHASE_STRIP</key>
				<string>NO</string>
				<key>DEBUG_INFORMATION_FORMAT</key>
				<string>dwarf</string>
				<key>ENABLE_STRICT_OBJC_MSGSEND</key>
				<string>YES</string>
				<key>ENABLE_TESTABILITY</key>
				<string>YES</string>
				<key>GCC_C_LANGUAGE_STANDARD</key>
				<string>gnu99</string>
				<key>GCC_DYNAMIC_NO_PIC</key>
				<string>NO</string>
				<key>GCC_NO_COMMON_BLOCKS</key>
				<string>YES</string>
				<key>GCC_OPTIMIZATION_LEVEL</key>
				<string>0</string>
				<key>GCC_PREPROCESSOR_DEFINITIONS</key>
				<array>
					<string>DEBUG=1</string>
					<string>$(inherited)</string>
				</array>
				<key>GCC_WARN_64_TO_32_BIT_CONVERSION</key>
				<string>YES</string>
				<key>GCC_WARN_ABOUT_RETURN_TYPE</key>
				<string>YES_ERROR</string>
				<key>GCC_WARN_UNDECLARED_SELECTOR</key>
				<string>YES</string>
				<key>GCC_WARN_UNINITIALIZED_AUTOS</key>
				<string>YES_AGGRESSIVE</string>
				<key>GCC_WARN_UNUSED_FUNCTION</key>
				<string>YES</string>
				<key>GCC_WARN_UNUSED_VARIABLE</key>
				<string>YES</string>
				<key>IPHONEOS_DEPLOYMENT_TARGET</key>
				<string>9.3</string>
				<key>MTL_ENABLE_DEBUG_INFO</key>
				<string>YES</string>
				<key>ONLY_ACTIVE_ARCH</key>
				<string>YES</string>
				<key>SDKROOT</key>
				<string>iphoneos</string>
			</dict>
			<key>isa</key>
			<string>XCBuildConfiguration</string>
			<key>name</key>
			<string>Debug</string>
		</dict>
		<key>1BF0DB821D45122C00453672</key>
		<dict>
			<key>buildSettings</key>
			<dict>
				<key>ALWAYS_SEARCH_USER_PATHS</key>
				<string>NO</string>
				<key>CLANG_ANALYZER_NONNULL</key>
				<string>YES</string>
				<key>CLANG_CXX_LANGUAGE_STANDARD</key>
				<string>gnu++0x</string>
				<key>CLANG_CXX_LIBRARY</key>
				<string>libc++</string>
				<key>CLANG_ENABLE_MODULES</key>
				<string>YES</string>
				<key>CLANG_ENABLE_OBJC_ARC</key>
				<string>YES</string>
				<key>CLANG_WARN_BOOL_CONVERSION</key>
				<string>YES</string>
				<key>CLANG_WARN_CONSTANT_CONVERSION</key>
				<string>YES</string>
				<key>CLANG_WARN_DIRECT_OBJC_ISA_USAGE</key>
				<string>YES_ERROR</string>
				<key>CLANG_WARN_EMPTY_BODY</key>
				<string>YES</string>
				<key>CLANG_WARN_ENUM_CONVERSION</key>
				<string>YES</string>
				<key>CLANG_WARN_INT_CONVERSION</key>
				<string>YES</string>
				<key>CLANG_WARN_OBJC_ROOT_CLASS</key>
				<string>YES_ERROR</string>
				<key>CLANG_WARN_UNREACHABLE_CODE</key>
				<string>YES</string>
				<key>CLANG_WARN__DUPLICATE_METHOD_MATCH</key>
				<string>YES</string>
				<key>CODE_SIGN_IDENTITY[sdk=iphoneos*]</key>
				<string>iPhone Developer</string>
				<key>COPY_PHASE_STRIP</key>
				<string>NO</string>
				<key>DEBUG_INFORMATION_FORMAT</key>
				<string>dwarf-with-dsym</string>
				<key>ENABLE_NS_ASSERTIONS</key>
				<string>NO</string>
				<key>ENABLE_STRICT_OBJC_MSGSEND</key>
				<string>YES</string>
				<key>GCC_C_LANGUAGE_STANDARD</key>
				<string>gnu99</string>
				<key>GCC_NO_COMMON_BLOCKS</key>
				<string>YES</string>
				<key>GCC_WARN_64_TO_32_BIT_CONVERSION</key>
				<string>YES</string>
				<key>GCC_WARN_ABOUT_RETURN_TYPE</key>
				<string>YES_ERROR</string>
				<key>GCC_WARN_UNDECLARED_SELECTOR</key>
				<string>YES</string>
				<key>GCC_WARN_UNINITIALIZED_AUTOS</key>
				<string>YES_AGGRESSIVE</string>
				<key>GCC_WARN_UNUSED_FUNCTION</key>
				<string>YES</string>
				<key>GCC_WARN_UNUSED_VARIABLE</key>
				<string>YES</string>
				<key>IPHONEOS_DEPLOYMENT_TARGET</key>
				<string>9.3</string>
				<key>MTL_ENABLE_DEBUG_INFO</key>
				<string>NO</string>
				<key>SDKROOT</key>
				<string>iphoneos</string>
				<key>VALIDATE_PRODUCT</key>
				<string>YES</string>
			</dict>
			<key>isa</key>
			<string>XCBuildConfiguration</string>
			<key>name</key>
			<string>Release</string>
		</dict>
		<key>1BF0DB831D45122C00453672</key>
		<dict>
			<key>buildConfigurations</key>
			<array>
				<string>1BF0DB841D45122C00453672</string>
				<string>1BF0DB851D45122C00453672</string>
			</array>
			<key>defaultConfigurationIsVisible</key>
			<string>0</string>
			<key>defaultConfigurationName</key>
			<string>Release</string>
			<key>isa</key>
			<string>XCConfigurationList</string>
		</dict>
		<key>1BF0DB841D45122C00453672</key>
		<dict>
			<key>baseConfigurationReference</key>
			<string>D1FF649D810E2FAEA96EAB47</string>
			<key>buildSettings</key>
			<dict>
				<key>ASSETCATALOG_COMPILER_APPICON_NAME</key>
				<string>AppIcon</string>
				<key>GCC_PRECOMPILE_PREFIX_HEADER</key>
				<string>YES</string>
				<key>GCC_PREFIX_HEADER</key>
				<string>$(SRCROOT)/QueryInfo/PrefixHeader.pch</string>
				<key>INFOPLIST_FILE</key>
				<string>QueryInfo/Info.plist</string>
				<key>IPHONEOS_DEPLOYMENT_TARGET</key>
				<string>7.0</string>
				<key>LD_RUNPATH_SEARCH_PATHS</key>
				<string>$(inherited) @executable_path/Frameworks</string>
				<key>PRODUCT_BUNDLE_IDENTIFIER</key>
				<string>com.runsdata.z1zren.guangxi.360zhao.iphone</string>
				<key>PRODUCT_NAME</key>
				<string>$(TARGET_NAME)</string>
			</dict>
			<key>isa</key>
			<string>XCBuildConfiguration</string>
			<key>name</key>
			<string>Debug</string>
		</dict>
		<key>1BF0DB851D45122C00453672</key>
		<dict>
			<key>baseConfigurationReference</key>
			<string>C66A1E0CF77369556609D146</string>
			<key>buildSettings</key>
			<dict>
				<key>ASSETCATALOG_COMPILER_APPICON_NAME</key>
				<string>AppIcon</string>
				<key>GCC_PRECOMPILE_PREFIX_HEADER</key>
				<string>YES</string>
				<key>GCC_PREFIX_HEADER</key>
				<string>$(SRCROOT)/QueryInfo/PrefixHeader.pch</string>
				<key>INFOPLIST_FILE</key>
				<string>QueryInfo/Info.plist</string>
				<key>IPHONEOS_DEPLOYMENT_TARGET</key>
				<string>7.0</string>
				<key>LD_RUNPATH_SEARCH_PATHS</key>
				<string>$(inherited) @executable_path/Frameworks</string>
				<key>PRODUCT_BUNDLE_IDENTIFIER</key>
				<string>com.runsdata.z1zren.guangxi.360zhao.iphone</string>
				<key>PRODUCT_NAME</key>
				<string>$(TARGET_NAME)</string>
			</dict>
			<key>isa</key>
			<string>XCBuildConfiguration</string>
			<key>name</key>
			<string>Release</string>
		</dict>
		<key>1BF0DB861D45161800453672</key>
		<dict>
			<key>fileEncoding</key>
			<string>4</string>
			<key>isa</key>
			<string>PBXFileReference</string>
			<key>lastKnownFileType</key>
			<string>sourcecode.c.h</string>
			<key>name</key>
			<string>BNRMainVC.h</string>
			<key>path</key>
			<string>ViewControllers/BNRMainVC.h</string>
			<key>sourceTree</key>
			<string>&lt;group&gt;</string>
		</dict>
		<key>1BF0DB871D45161800453672</key>
		<dict>
			<key>fileEncoding</key>
			<string>4</string>
			<key>isa</key>
			<string>PBXFileReference</string>
			<key>lastKnownFileType</key>
			<string>sourcecode.c.objc</string>
			<key>name</key>
			<string>BNRMainVC.m</string>
			<key>path</key>
			<string>ViewControllers/BNRMainVC.m</string>
			<key>sourceTree</key>
			<string>&lt;group&gt;</string>
		</dict>
		<key>1BF0DB881D45161800453672</key>
		<dict>
			<key>fileRef</key>
			<string>1BF0DB871D45161800453672</string>
			<key>isa</key>
			<string>PBXBuildFile</string>
		</dict>
		<key>1BF0DB891D45161E00453672</key>
		<dict>
			<key>children</key>
			<array>
				<string>1BF0DBD31D46158A00453672</string>
				<string>1BF0DBD41D46158A00453672</string>
				<string>1BF0DB861D45161800453672</string>
				<string>1BF0DB871D45161800453672</string>
				<string>1BF0DBA51D45259F00453672</string>
				<string>1BF0DBA61D45259F00453672</string>
				<string>1BF0DBA81D452C0600453672</string>
				<string>1BF0DBA91D452C0600453672</string>
				<string>1BF0DBAA1D452C0600453672</string>
				<string>1BF0DBAE1D4548AA00453672</string>
				<string>1BF0DBAF1D4548AA00453672</string>
				<string>1BF0DBBA1D4563E200453672</string>
				<string>1BF0DBBB1D4563E200453672</string>
				<string>1BF0DBBF1D456BFE00453672</string>
				<string>1BF0DBC01D456BFE00453672</string>
				<string>1BF0DBC51D457EAE00453672</string>
				<string>1BF0DBC61D457EAE00453672</string>
				<string>1BF0DBC71D457EAE00453672</string>
				<string>1BF0DBD01D45E83000453672</string>
				<string>1BF0DBD11D45E83000453672</string>
				<string>1BF0DBD61D46326900453672</string>
				<string>1BF0DBD71D46326900453672</string>
				<string>19B7D3951D465BEA003FEDE5</string>
				<string>19B7D3961D465BEA003FEDE5</string>
				<string>19B7D3AD1D46DCF4003FEDE5</string>
				<string>19B7D3AE1D46DCF4003FEDE5</string>
			</array>
			<key>isa</key>
			<string>PBXGroup</string>
			<key>name</key>
			<string>ViewControllers</string>
			<key>sourceTree</key>
			<string>&lt;group&gt;</string>
		</dict>
		<key>1BF0DB8B1D451DA500453672</key>
		<dict>
			<key>children</key>
			<array>
				<string>1BF0DBCA1D45A6B800453672</string>
				<string>1BF0DBCB1D45A6B800453672</string>
				<string>1BF0DBB71D455FFB00453672</string>
				<string>1BF0DBB81D455FFB00453672</string>
				<string>1BF0DBB41D455EE300453672</string>
				<string>1BF0DBB51D455EE300453672</string>
				<string>1BF0DB8C1D451DA500453672</string>
				<string>1BF0DB8D1D451DA500453672</string>
				<string>1BF0DB8E1D451DA500453672</string>
				<string>1BF0DB8F1D451DA500453672</string>
				<string>1BF0DB921D451DA500453672</string>
				<string>1BF0DB931D451DA500453672</string>
				<string>1BF0DB971D451DA500453672</string>
				<string>1BF0DB981D451DA500453672</string>
				<string>1BF0DB991D451DA500453672</string>
				<string>1BF0DB9A1D451DA500453672</string>
				<string>1BF0DB9B1D451DA500453672</string>
				<string>1BF0DB9C1D451DA500453672</string>
				<string>1BF0DBC21D45770500453672</string>
				<string>1BF0DBC31D45770500453672</string>
				<string>1BF0DBCD1D45DFB300453672</string>
				<string>1BF0DBCE1D45DFB300453672</string>
				<string>1B827CB41D47955100FAB970</string>
				<string>1B827CB51D47955100FAB970</string>
				<string>1B827CAB1D47910A00FAB970</string>
				<string>1B827CAC1D47910A00FAB970</string>
				<string>1B827CAE1D47951600FAB970</string>
				<string>1B827CAF1D47951600FAB970</string>
				<string>1B827CB01D47951600FAB970</string>
				<string>1B827CB11D47951600FAB970</string>
			</array>
			<key>isa</key>
			<string>PBXGroup</string>
			<key>path</key>
			<string>Helps</string>
			<key>sourceTree</key>
			<string>&lt;group&gt;</string>
		</dict>
		<key>1BF0DB8C1D451DA500453672</key>
		<dict>
			<key>fileEncoding</key>
			<string>4</string>
			<key>isa</key>
			<string>PBXFileReference</string>
			<key>lastKnownFileType</key>
			<string>sourcecode.c.h</string>
			<key>path</key>
			<string>NSObject+HETAdditions.h</string>
			<key>sourceTree</key>
			<string>&lt;group&gt;</string>
		</dict>
		<key>1BF0DB8D1D451DA500453672</key>
		<dict>
			<key>fileEncoding</key>
			<string>4</string>
			<key>isa</key>
			<string>PBXFileReference</string>
			<key>lastKnownFileType</key>
			<string>sourcecode.c.objc</string>
			<key>path</key>
			<string>NSObject+HETAdditions.m</string>
			<key>sourceTree</key>
			<string>&lt;group&gt;</string>
		</dict>
		<key>1BF0DB8E1D451DA500453672</key>
		<dict>
			<key>fileEncoding</key>
			<string>4</string>
			<key>isa</key>
			<string>PBXFileReference</string>
			<key>lastKnownFileType</key>
			<string>sourcecode.c.h</string>
			<key>path</key>
			<string>NSString+DocumentPath.h</string>
			<key>sourceTree</key>
			<string>&lt;group&gt;</string>
		</dict>
		<key>1BF0DB8F1D451DA500453672</key>
		<dict>
			<key>fileEncoding</key>
			<string>4</string>
			<key>isa</key>
			<string>PBXFileReference</string>
			<key>lastKnownFileType</key>
			<string>sourcecode.c.objc</string>
			<key>path</key>
			<string>NSString+DocumentPath.m</string>
			<key>sourceTree</key>
			<string>&lt;group&gt;</string>
		</dict>
		<key>1BF0DB921D451DA500453672</key>
		<dict>
			<key>fileEncoding</key>
			<string>4</string>
			<key>isa</key>
			<string>PBXFileReference</string>
			<key>lastKnownFileType</key>
			<string>sourcecode.c.h</string>
			<key>path</key>
			<string>NSString+Util.h</string>
			<key>sourceTree</key>
			<string>&lt;group&gt;</string>
		</dict>
		<key>1BF0DB931D451DA500453672</key>
		<dict>
			<key>fileEncoding</key>
			<string>4</string>
			<key>isa</key>
			<string>PBXFileReference</string>
			<key>lastKnownFileType</key>
			<string>sourcecode.c.objc</string>
			<key>path</key>
			<string>NSString+Util.m</string>
			<key>sourceTree</key>
			<string>&lt;group&gt;</string>
		</dict>
		<key>1BF0DB971D451DA500453672</key>
		<dict>
			<key>fileEncoding</key>
			<string>4</string>
			<key>isa</key>
			<string>PBXFileReference</string>
			<key>lastKnownFileType</key>
			<string>sourcecode.c.h</string>
			<key>path</key>
			<string>UIImage+HETJPGAdditions.h</string>
			<key>sourceTree</key>
			<string>&lt;group&gt;</string>
		</dict>
		<key>1BF0DB981D451DA500453672</key>
		<dict>
			<key>fileEncoding</key>
			<string>4</string>
			<key>isa</key>
			<string>PBXFileReference</string>
			<key>lastKnownFileType</key>
			<string>sourcecode.c.objc</string>
			<key>path</key>
			<string>UIImage+HETJPGAdditions.m</string>
			<key>sourceTree</key>
			<string>&lt;group&gt;</string>
		</dict>
		<key>1BF0DB991D451DA500453672</key>
		<dict>
			<key>fileEncoding</key>
			<string>4</string>
			<key>isa</key>
			<string>PBXFileReference</string>
			<key>lastKnownFileType</key>
			<string>sourcecode.c.h</string>
			<key>path</key>
			<string>UIImage+StrethImage.h</string>
			<key>sourceTree</key>
			<string>&lt;group&gt;</string>
		</dict>
		<key>1BF0DB9A1D451DA500453672</key>
		<dict>
			<key>fileEncoding</key>
			<string>4</string>
			<key>isa</key>
			<string>PBXFileReference</string>
			<key>lastKnownFileType</key>
			<string>sourcecode.c.objc</string>
			<key>path</key>
			<string>UIImage+StrethImage.m</string>
			<key>sourceTree</key>
			<string>&lt;group&gt;</string>
		</dict>
		<key>1BF0DB9B1D451DA500453672</key>
		<dict>
			<key>fileEncoding</key>
			<string>4</string>
			<key>isa</key>
			<string>PBXFileReference</string>
			<key>lastKnownFileType</key>
			<string>sourcecode.c.h</string>
			<key>path</key>
			<string>UIViewController+HETAdditions.h</string>
			<key>sourceTree</key>
			<string>&lt;group&gt;</string>
		</dict>
		<key>1BF0DB9C1D451DA500453672</key>
		<dict>
			<key>fileEncoding</key>
			<string>4</string>
			<key>isa</key>
			<string>PBXFileReference</string>
			<key>lastKnownFileType</key>
			<string>sourcecode.c.objc</string>
			<key>path</key>
			<string>UIViewController+HETAdditions.m</string>
			<key>sourceTree</key>
			<string>&lt;group&gt;</string>
		</dict>
		<key>1BF0DB9D1D451DA500453672</key>
		<dict>
			<key>fileRef</key>
			<string>1BF0DB8D1D451DA500453672</string>
			<key>isa</key>
			<string>PBXBuildFile</string>
		</dict>
		<key>1BF0DB9E1D451DA500453672</key>
		<dict>
			<key>fileRef</key>
			<string>1BF0DB8F1D451DA500453672</string>
			<key>isa</key>
			<string>PBXBuildFile</string>
		</dict>
		<key>1BF0DBA01D451DA500453672</key>
		<dict>
			<key>fileRef</key>
			<string>1BF0DB931D451DA500453672</string>
			<key>isa</key>
			<string>PBXBuildFile</string>
		</dict>
		<key>1BF0DBA21D451DA500453672</key>
		<dict>
			<key>fileRef</key>
			<string>1BF0DB981D451DA500453672</string>
			<key>isa</key>
			<string>PBXBuildFile</string>
		</dict>
		<key>1BF0DBA31D451DA500453672</key>
		<dict>
			<key>fileRef</key>
			<string>1BF0DB9A1D451DA500453672</string>
			<key>isa</key>
			<string>PBXBuildFile</string>
		</dict>
		<key>1BF0DBA41D451DA500453672</key>
		<dict>
			<key>fileRef</key>
			<string>1BF0DB9C1D451DA500453672</string>
			<key>isa</key>
			<string>PBXBuildFile</string>
		</dict>
		<key>1BF0DBA51D45259F00453672</key>
		<dict>
			<key>fileEncoding</key>
			<string>4</string>
			<key>isa</key>
			<string>PBXFileReference</string>
			<key>lastKnownFileType</key>
			<string>sourcecode.c.h</string>
			<key>path</key>
			<string>BNRSettingVC.h</string>
			<key>sourceTree</key>
			<string>&lt;group&gt;</string>
		</dict>
		<key>1BF0DBA61D45259F00453672</key>
		<dict>
			<key>fileEncoding</key>
			<string>4</string>
			<key>isa</key>
			<string>PBXFileReference</string>
			<key>lastKnownFileType</key>
			<string>sourcecode.c.objc</string>
			<key>path</key>
			<string>BNRSettingVC.m</string>
			<key>sourceTree</key>
			<string>&lt;group&gt;</string>
		</dict>
		<key>1BF0DBA71D45259F00453672</key>
		<dict>
			<key>fileRef</key>
			<string>1BF0DBA61D45259F00453672</string>
			<key>isa</key>
			<string>PBXBuildFile</string>
		</dict>
		<key>1BF0DBA81D452C0600453672</key>
		<dict>
			<key>fileEncoding</key>
			<string>4</string>
			<key>isa</key>
			<string>PBXFileReference</string>
			<key>lastKnownFileType</key>
			<string>sourcecode.c.h</string>
			<key>path</key>
			<string>BNRTableViewCell.h</string>
			<key>sourceTree</key>
			<string>&lt;group&gt;</string>
		</dict>
		<key>1BF0DBA91D452C0600453672</key>
		<dict>
			<key>fileEncoding</key>
			<string>4</string>
			<key>isa</key>
			<string>PBXFileReference</string>
			<key>lastKnownFileType</key>
			<string>sourcecode.c.objc</string>
			<key>path</key>
			<string>BNRTableViewCell.m</string>
			<key>sourceTree</key>
			<string>&lt;group&gt;</string>
		</dict>
		<key>1BF0DBAA1D452C0600453672</key>
		<dict>
			<key>fileEncoding</key>
			<string>4</string>
			<key>isa</key>
			<string>PBXFileReference</string>
			<key>lastKnownFileType</key>
			<string>file.xib</string>
			<key>path</key>
			<string>BNRTableViewCell.xib</string>
			<key>sourceTree</key>
			<string>&lt;group&gt;</string>
		</dict>
		<key>1BF0DBAB1D452C0600453672</key>
		<dict>
			<key>fileRef</key>
			<string>1BF0DBA91D452C0600453672</string>
			<key>isa</key>
			<string>PBXBuildFile</string>
		</dict>
		<key>1BF0DBAC1D452C0600453672</key>
		<dict>
			<key>fileRef</key>
			<string>1BF0DBAA1D452C0600453672</string>
			<key>isa</key>
			<string>PBXBuildFile</string>
		</dict>
		<key>1BF0DBAD1D45330200453672</key>
		<dict>
			<key>fileEncoding</key>
			<string>4</string>
			<key>isa</key>
			<string>PBXFileReference</string>
			<key>lastKnownFileType</key>
			<string>sourcecode.c.h</string>
			<key>path</key>
			<string>PrefixHeader.pch</string>
			<key>sourceTree</key>
			<string>&lt;group&gt;</string>
		</dict>
		<key>1BF0DBAE1D4548AA00453672</key>
		<dict>
			<key>fileEncoding</key>
			<string>4</string>
			<key>isa</key>
			<string>PBXFileReference</string>
			<key>lastKnownFileType</key>
			<string>sourcecode.c.h</string>
			<key>name</key>
			<string>BNRBaseViewVC.h</string>
			<key>path</key>
			<string>ViewControllers/BNRBaseViewVC.h</string>
			<key>sourceTree</key>
			<string>&lt;group&gt;</string>
		</dict>
		<key>1BF0DBAF1D4548AA00453672</key>
		<dict>
			<key>fileEncoding</key>
			<string>4</string>
			<key>isa</key>
			<string>PBXFileReference</string>
			<key>lastKnownFileType</key>
			<string>sourcecode.c.objc</string>
			<key>name</key>
			<string>BNRBaseViewVC.m</string>
			<key>path</key>
			<string>ViewControllers/BNRBaseViewVC.m</string>
			<key>sourceTree</key>
			<string>&lt;group&gt;</string>
		</dict>
		<key>1BF0DBB01D4548AA00453672</key>
		<dict>
			<key>fileRef</key>
			<string>1BF0DBAF1D4548AA00453672</string>
			<key>isa</key>
			<string>PBXBuildFile</string>
		</dict>
		<key>1BF0DBB41D455EE300453672</key>
		<dict>
			<key>fileEncoding</key>
			<string>4</string>
			<key>isa</key>
			<string>PBXFileReference</string>
			<key>lastKnownFileType</key>
			<string>sourcecode.c.h</string>
			<key>path</key>
			<string>HETActionSheet.h</string>
			<key>sourceTree</key>
			<string>&lt;group&gt;</string>
		</dict>
		<key>1BF0DBB51D455EE300453672</key>
		<dict>
			<key>fileEncoding</key>
			<string>4</string>
			<key>isa</key>
			<string>PBXFileReference</string>
			<key>lastKnownFileType</key>
			<string>sourcecode.c.objc</string>
			<key>path</key>
			<string>HETActionSheet.m</string>
			<key>sourceTree</key>
			<string>&lt;group&gt;</string>
		</dict>
		<key>1BF0DBB61D455EE300453672</key>
		<dict>
			<key>fileRef</key>
			<string>1BF0DBB51D455EE300453672</string>
			<key>isa</key>
			<string>PBXBuildFile</string>
		</dict>
		<key>1BF0DBB71D455FFB00453672</key>
		<dict>
			<key>fileEncoding</key>
			<string>4</string>
			<key>isa</key>
			<string>PBXFileReference</string>
			<key>lastKnownFileType</key>
			<string>sourcecode.c.h</string>
			<key>path</key>
			<string>HETUIConfig.h</string>
			<key>sourceTree</key>
			<string>&lt;group&gt;</string>
		</dict>
		<key>1BF0DBB81D455FFB00453672</key>
		<dict>
			<key>fileEncoding</key>
			<string>4</string>
			<key>isa</key>
			<string>PBXFileReference</string>
			<key>lastKnownFileType</key>
			<string>sourcecode.c.objc</string>
			<key>path</key>
			<string>HETUIConfig.m</string>
			<key>sourceTree</key>
			<string>&lt;group&gt;</string>
		</dict>
		<key>1BF0DBB91D455FFB00453672</key>
		<dict>
			<key>fileRef</key>
			<string>1BF0DBB81D455FFB00453672</string>
			<key>isa</key>
			<string>PBXBuildFile</string>
		</dict>
		<key>1BF0DBBA1D4563E200453672</key>
		<dict>
			<key>fileEncoding</key>
			<string>4</string>
			<key>isa</key>
			<string>PBXFileReference</string>
			<key>lastKnownFileType</key>
			<string>sourcecode.c.h</string>
			<key>name</key>
			<string>BNRInputVC.h</string>
			<key>path</key>
			<string>ViewControllers/BNRInputVC.h</string>
			<key>sourceTree</key>
			<string>&lt;group&gt;</string>
		</dict>
		<key>1BF0DBBB1D4563E200453672</key>
		<dict>
			<key>fileEncoding</key>
			<string>4</string>
			<key>isa</key>
			<string>PBXFileReference</string>
			<key>lastKnownFileType</key>
			<string>sourcecode.c.objc</string>
			<key>name</key>
			<string>BNRInputVC.m</string>
			<key>path</key>
			<string>ViewControllers/BNRInputVC.m</string>
			<key>sourceTree</key>
			<string>&lt;group&gt;</string>
		</dict>
		<key>1BF0DBBC1D4563E200453672</key>
		<dict>
			<key>fileRef</key>
			<string>1BF0DBBB1D4563E200453672</string>
			<key>isa</key>
			<string>PBXBuildFile</string>
		</dict>
		<key>1BF0DBBD1D456B6000453672</key>
		<dict>
			<key>fileEncoding</key>
			<string>4</string>
			<key>isa</key>
			<string>PBXFileReference</string>
			<key>lastKnownFileType</key>
			<string>text.plist.xml</string>
			<key>path</key>
			<string>city.plist</string>
			<key>sourceTree</key>
			<string>&lt;group&gt;</string>
		</dict>
		<key>1BF0DBBE1D456B6000453672</key>
		<dict>
			<key>fileRef</key>
			<string>1BF0DBBD1D456B6000453672</string>
			<key>isa</key>
			<string>PBXBuildFile</string>
		</dict>
		<key>1BF0DBBF1D456BFE00453672</key>
		<dict>
			<key>fileEncoding</key>
			<string>4</string>
			<key>isa</key>
			<string>PBXFileReference</string>
			<key>lastKnownFileType</key>
			<string>sourcecode.c.h</string>
			<key>name</key>
			<string>BNRSelectLocation.h</string>
			<key>path</key>
			<string>ViewControllers/BNRSelectLocation.h</string>
			<key>sourceTree</key>
			<string>&lt;group&gt;</string>
		</dict>
		<key>1BF0DBC01D456BFE00453672</key>
		<dict>
			<key>fileEncoding</key>
			<string>4</string>
			<key>isa</key>
			<string>PBXFileReference</string>
			<key>lastKnownFileType</key>
			<string>sourcecode.c.objc</string>
			<key>name</key>
			<string>BNRSelectLocation.m</string>
			<key>path</key>
			<string>ViewControllers/BNRSelectLocation.m</string>
			<key>sourceTree</key>
			<string>&lt;group&gt;</string>
		</dict>
		<key>1BF0DBC11D456BFE00453672</key>
		<dict>
			<key>fileRef</key>
			<string>1BF0DBC01D456BFE00453672</string>
			<key>isa</key>
			<string>PBXBuildFile</string>
		</dict>
		<key>1BF0DBC21D45770500453672</key>
		<dict>
			<key>fileEncoding</key>
			<string>4</string>
			<key>isa</key>
			<string>PBXFileReference</string>
			<key>lastKnownFileType</key>
			<string>sourcecode.c.h</string>
			<key>path</key>
			<string>BNRServerInterface.h</string>
			<key>sourceTree</key>
			<string>&lt;group&gt;</string>
		</dict>
		<key>1BF0DBC31D45770500453672</key>
		<dict>
			<key>fileEncoding</key>
			<string>4</string>
			<key>isa</key>
			<string>PBXFileReference</string>
			<key>lastKnownFileType</key>
			<string>sourcecode.c.objc</string>
			<key>path</key>
			<string>BNRServerInterface.m</string>
			<key>sourceTree</key>
			<string>&lt;group&gt;</string>
		</dict>
		<key>1BF0DBC41D45770500453672</key>
		<dict>
			<key>fileRef</key>
			<string>1BF0DBC31D45770500453672</string>
			<key>isa</key>
			<string>PBXBuildFile</string>
		</dict>
		<key>1BF0DBC51D457EAE00453672</key>
		<dict>
			<key>fileEncoding</key>
			<string>4</string>
			<key>isa</key>
			<string>PBXFileReference</string>
			<key>lastKnownFileType</key>
			<string>sourcecode.c.h</string>
			<key>name</key>
			<string>BNRegionCell.h</string>
			<key>path</key>
			<string>ViewControllers/BNRegionCell.h</string>
			<key>sourceTree</key>
			<string>&lt;group&gt;</string>
		</dict>
		<key>1BF0DBC61D457EAE00453672</key>
		<dict>
			<key>fileEncoding</key>
			<string>4</string>
			<key>isa</key>
			<string>PBXFileReference</string>
			<key>lastKnownFileType</key>
			<string>sourcecode.c.objc</string>
			<key>name</key>
			<string>BNRegionCell.m</string>
			<key>path</key>
			<string>ViewControllers/BNRegionCell.m</string>
			<key>sourceTree</key>
			<string>&lt;group&gt;</string>
		</dict>
		<key>1BF0DBC71D457EAE00453672</key>
		<dict>
			<key>fileEncoding</key>
			<string>4</string>
			<key>isa</key>
			<string>PBXFileReference</string>
			<key>lastKnownFileType</key>
			<string>file.xib</string>
			<key>name</key>
			<string>BNRegionCell.xib</string>
			<key>path</key>
			<string>ViewControllers/BNRegionCell.xib</string>
			<key>sourceTree</key>
			<string>&lt;group&gt;</string>
		</dict>
		<key>1BF0DBC81D457EAE00453672</key>
		<dict>
			<key>fileRef</key>
			<string>1BF0DBC61D457EAE00453672</string>
			<key>isa</key>
			<string>PBXBuildFile</string>
		</dict>
		<key>1BF0DBC91D457EAE00453672</key>
		<dict>
			<key>fileRef</key>
			<string>1BF0DBC71D457EAE00453672</string>
			<key>isa</key>
			<string>PBXBuildFile</string>
		</dict>
		<key>1BF0DBCA1D45A6B800453672</key>
		<dict>
			<key>fileEncoding</key>
			<string>4</string>
			<key>isa</key>
			<string>PBXFileReference</string>
			<key>lastKnownFileType</key>
			<string>sourcecode.c.h</string>
			<key>path</key>
			<string>CCCommonHelp.h</string>
			<key>sourceTree</key>
			<string>&lt;group&gt;</string>
		</dict>
		<key>1BF0DBCB1D45A6B800453672</key>
		<dict>
			<key>fileEncoding</key>
			<string>4</string>
			<key>isa</key>
			<string>PBXFileReference</string>
			<key>lastKnownFileType</key>
			<string>sourcecode.c.objc</string>
			<key>path</key>
			<string>CCCommonHelp.m</string>
			<key>sourceTree</key>
			<string>&lt;group&gt;</string>
		</dict>
		<key>1BF0DBCC1D45A6B800453672</key>
		<dict>
			<key>fileRef</key>
			<string>1BF0DBCB1D45A6B800453672</string>
			<key>isa</key>
			<string>PBXBuildFile</string>
		</dict>
		<key>1BF0DBCD1D45DFB300453672</key>
		<dict>
			<key>fileEncoding</key>
			<string>4</string>
			<key>isa</key>
			<string>PBXFileReference</string>
			<key>lastKnownFileType</key>
			<string>sourcecode.c.h</string>
			<key>path</key>
			<string>BNRMacro.h</string>
			<key>sourceTree</key>
			<string>&lt;group&gt;</string>
		</dict>
		<key>1BF0DBCE1D45DFB300453672</key>
		<dict>
			<key>fileEncoding</key>
			<string>4</string>
			<key>isa</key>
			<string>PBXFileReference</string>
			<key>lastKnownFileType</key>
			<string>sourcecode.c.objc</string>
			<key>path</key>
			<string>BNRMacro.m</string>
			<key>sourceTree</key>
			<string>&lt;group&gt;</string>
		</dict>
		<key>1BF0DBCF1D45DFB300453672</key>
		<dict>
			<key>fileRef</key>
			<string>1BF0DBCE1D45DFB300453672</string>
			<key>isa</key>
			<string>PBXBuildFile</string>
		</dict>
		<key>1BF0DBD01D45E83000453672</key>
		<dict>
			<key>fileEncoding</key>
			<string>4</string>
			<key>isa</key>
			<string>PBXFileReference</string>
			<key>lastKnownFileType</key>
			<string>sourcecode.c.h</string>
			<key>name</key>
			<string>BNRSelectFirmVC.h</string>
			<key>path</key>
			<string>ViewControllers/BNRSelectFirmVC.h</string>
			<key>sourceTree</key>
			<string>&lt;group&gt;</string>
		</dict>
		<key>1BF0DBD11D45E83000453672</key>
		<dict>
			<key>fileEncoding</key>
			<string>4</string>
			<key>isa</key>
			<string>PBXFileReference</string>
			<key>lastKnownFileType</key>
			<string>sourcecode.c.objc</string>
			<key>name</key>
			<string>BNRSelectFirmVC.m</string>
			<key>path</key>
			<string>ViewControllers/BNRSelectFirmVC.m</string>
			<key>sourceTree</key>
			<string>&lt;group&gt;</string>
		</dict>
		<key>1BF0DBD21D45E83000453672</key>
		<dict>
			<key>fileRef</key>
			<string>1BF0DBD11D45E83000453672</string>
			<key>isa</key>
			<string>PBXBuildFile</string>
		</dict>
		<key>1BF0DBD31D46158A00453672</key>
		<dict>
			<key>fileEncoding</key>
			<string>4</string>
			<key>isa</key>
			<string>PBXFileReference</string>
			<key>lastKnownFileType</key>
			<string>sourcecode.c.h</string>
			<key>path</key>
			<string>CLZBarScanViewController.h</string>
			<key>sourceTree</key>
			<string>&lt;group&gt;</string>
		</dict>
		<key>1BF0DBD41D46158A00453672</key>
		<dict>
			<key>fileEncoding</key>
			<string>4</string>
			<key>isa</key>
			<string>PBXFileReference</string>
			<key>lastKnownFileType</key>
			<string>sourcecode.c.objc</string>
			<key>path</key>
			<string>CLZBarScanViewController.m</string>
			<key>sourceTree</key>
			<string>&lt;group&gt;</string>
		</dict>
		<key>1BF0DBD51D46158A00453672</key>
		<dict>
			<key>fileRef</key>
			<string>1BF0DBD41D46158A00453672</string>
			<key>isa</key>
			<string>PBXBuildFile</string>
		</dict>
		<key>1BF0DBD61D46326900453672</key>
		<dict>
			<key>fileEncoding</key>
			<string>4</string>
			<key>isa</key>
			<string>PBXFileReference</string>
			<key>lastKnownFileType</key>
			<string>sourcecode.c.h</string>
			<key>name</key>
			<string>BNRInputNumVC.h</string>
			<key>path</key>
			<string>ViewControllers/BNRInputNumVC.h</string>
			<key>sourceTree</key>
			<string>&lt;group&gt;</string>
		</dict>
		<key>1BF0DBD71D46326900453672</key>
		<dict>
			<key>fileEncoding</key>
			<string>4</string>
			<key>isa</key>
			<string>PBXFileReference</string>
			<key>lastKnownFileType</key>
			<string>sourcecode.c.objc</string>
			<key>name</key>
			<string>BNRInputNumVC.m</string>
			<key>path</key>
			<string>ViewControllers/BNRInputNumVC.m</string>
			<key>sourceTree</key>
			<string>&lt;group&gt;</string>
		</dict>
		<key>1BF0DBD81D46326900453672</key>
		<dict>
			<key>fileRef</key>
			<string>1BF0DBD71D46326900453672</string>
			<key>isa</key>
			<string>PBXBuildFile</string>
		</dict>
		<key>31BD3F4161FCDC605D84631D</key>
		<dict>
			<key>children</key>
			<array>
				<string>62E2E51761BF28DEF8A43E8E</string>
			</array>
			<key>isa</key>
			<string>PBXGroup</string>
			<key>name</key>
			<string>Frameworks</string>
			<key>sourceTree</key>
			<string>&lt;group&gt;</string>
		</dict>
		<key>3D37F95FF63F1599FB0D1E0C</key>
		<dict>
			<key>buildActionMask</key>
			<string>2147483647</string>
			<key>files</key>
			<array/>
			<key>inputPaths</key>
			<array/>
			<key>isa</key>
			<string>PBXShellScriptBuildPhase</string>
			<key>name</key>
			<string>[CP] Copy Pods Resources</string>
			<key>outputPaths</key>
			<array/>
			<key>runOnlyForDeploymentPostprocessing</key>
			<string>0</string>
			<key>shellPath</key>
			<string>/bin/sh</string>
			<key>shellScript</key>
			<string>"${SRCROOT}/Pods/Target Support Files/Pods-QueryInfo/Pods-QueryInfo-resources.sh"
</string>
			<key>showEnvVarsInLog</key>
			<string>0</string>
		</dict>
		<key>4257780FDD4616CF15361F31</key>
		<dict>
			<key>children</key>
			<array>
				<string>D1FF649D810E2FAEA96EAB47</string>
				<string>C66A1E0CF77369556609D146</string>
			</array>
			<key>isa</key>
			<string>PBXGroup</string>
			<key>name</key>
			<string>Pods</string>
			<key>sourceTree</key>
			<string>&lt;group&gt;</string>
		</dict>
		<key>59C719297DA601EF3DD2FBA7</key>
		<dict>
			<key>fileRef</key>
			<string>62E2E51761BF28DEF8A43E8E</string>
			<key>isa</key>
			<string>PBXBuildFile</string>
		</dict>
		<key>62E2E51761BF28DEF8A43E8E</key>
		<dict>
			<key>explicitFileType</key>
			<string>archive.ar</string>
			<key>includeInIndex</key>
			<string>0</string>
			<key>isa</key>
			<string>PBXFileReference</string>
			<key>path</key>
			<string>libPods-QueryInfo.a</string>
			<key>sourceTree</key>
			<string>BUILT_PRODUCTS_DIR</string>
		</dict>
		<key>A7CBB3A3434F8AD7FEAE07A6</key>
		<dict>
			<key>buildActionMask</key>
			<string>2147483647</string>
			<key>files</key>
			<array/>
			<key>inputPaths</key>
			<array/>
			<key>isa</key>
			<string>PBXShellScriptBuildPhase</string>
			<key>name</key>
			<string>[CP] Embed Pods Frameworks</string>
			<key>outputPaths</key>
			<array/>
			<key>runOnlyForDeploymentPostprocessing</key>
			<string>0</string>
			<key>shellPath</key>
			<string>/bin/sh</string>
			<key>shellScript</key>
			<string>"${SRCROOT}/Pods/Target Support Files/Pods-QueryInfo/Pods-QueryInfo-frameworks.sh"
</string>
			<key>showEnvVarsInLog</key>
			<string>0</string>
		</dict>
		<key>C4D70A5586FCC30E5E14FB42</key>
		<dict>
			<key>buildActionMask</key>
			<string>2147483647</string>
			<key>files</key>
			<array/>
			<key>inputPaths</key>
			<array/>
			<key>isa</key>
			<string>PBXShellScriptBuildPhase</string>
			<key>name</key>
			<string>[CP] Check Pods Manifest.lock</string>
			<key>outputPaths</key>
			<array/>
			<key>runOnlyForDeploymentPostprocessing</key>
			<string>0</string>
			<key>shellPath</key>
			<string>/bin/sh</string>
			<key>shellScript</key>
			<string>diff "${PODS_ROOT}/../Podfile.lock" "${PODS_ROOT}/Manifest.lock" &gt; /dev/null
if [[ $? != 0 ]] ; then
    cat &lt;&lt; EOM
error: The sandbox is not in sync with the Podfile.lock. Run 'pod install' or update your CocoaPods installation.
EOM
    exit 1
fi
</string>
			<key>showEnvVarsInLog</key>
			<string>0</string>
		</dict>
		<key>C66A1E0CF77369556609D146</key>
		<dict>
			<key>includeInIndex</key>
			<string>1</string>
			<key>isa</key>
			<string>PBXFileReference</string>
			<key>lastKnownFileType</key>
			<string>text.xcconfig</string>
			<key>name</key>
			<string>Pods-QueryInfo.release.xcconfig</string>
			<key>path</key>
			<string>Pods/Target Support Files/Pods-QueryInfo/Pods-QueryInfo.release.xcconfig</string>
			<key>sourceTree</key>
			<string>&lt;group&gt;</string>
		</dict>
		<key>D1FF649D810E2FAEA96EAB47</key>
		<dict>
			<key>includeInIndex</key>
			<string>1</string>
			<key>isa</key>
			<string>PBXFileReference</string>
			<key>lastKnownFileType</key>
			<string>text.xcconfig</string>
			<key>name</key>
			<string>Pods-QueryInfo.debug.xcconfig</string>
			<key>path</key>
			<string>Pods/Target Support Files/Pods-QueryInfo/Pods-QueryInfo.debug.xcconfig</string>
			<key>sourceTree</key>
			<string>&lt;group&gt;</string>
		</dict>
		<key>FA5B34FB1A1B033C3DD29029</key>
		<dict>
			<key>buildActionMask</key>
			<string>2147483647</string>
			<key>files</key>
			<array/>
			<key>inputPaths</key>
			<array/>
			<key>isa</key>
			<string>PBXShellScriptBuildPhase</string>
			<key>name</key>
			<string>Embed Pods Frameworks</string>
			<key>outputPaths</key>
			<array/>
			<key>runOnlyForDeploymentPostprocessing</key>
			<string>0</string>
			<key>shellPath</key>
			<string>/bin/sh</string>
			<key>shellScript</key>
			<string>"${SRCROOT}/Pods/Target Support Files/Pods-QueryInfo/Pods-QueryInfo-frameworks.sh"
</string>
			<key>showEnvVarsInLog</key>
			<string>0</string>
		</dict>
	</dict>
	<key>rootObject</key>
	<string>1BF0DB611D45122C00453672</string>
</dict>
</plist>
